{
  "name": "Keylogger",
  "lockfileVersion": 2,
  "requires": true,
  "packages": {
    "": {
      "dependencies": {
        "node-global-key-listener": "^0.0.13"
      }
    },
    "node_modules/node-global-key-listener": {
      "version": "0.0.13",
      "resolved": "https://registry.npmjs.org/node-global-key-listener/-/node-global-key-listener-0.0.13.tgz",
      "integrity": "sha512-4sU3v9LaKtkaKaQ4hALFGRdWWv5JQMwMAL1lZnNBR0U+bEvbeGrXOLMP+miiklf1OhW19DifvRPM6NKwe3Ht5g==",
      "dependencies": {
        "sudo-prompt": "^9.2.1"
      }
    },
    "node_modules/sudo-prompt": {
      "version": "9.2.1",
      "resolved": "https://registry.npmjs.org/sudo-prompt/-/sudo-prompt-9.2.1.tgz",
      "integrity": "sha512-Mu7R0g4ig9TUuGSxJavny5Rv0egCEtpZRNMrZaYS1vxkiIxGiGUwoezU3LazIQ+KE04hTrTfNPgxU5gzi7F5Pw=="
    }
  },
  "dependencies": {
    "node-global-key-listener": {
      "version": "0.0.13",
      "resolved": "https://registry.npmjs.org/node-global-key-listener/-/node-global-key-listener-0.0.13.tgz",
      "integrity": "sha512-4sU3v9LaKtkaKaQ4hALFGRdWWv5JQMwMAL1lZnNBR0U+bEvbeGrXOLMP+miiklf1OhW19DifvRPM6NKwe3Ht5g==",
      "requires": {
        "sudo-prompt": "^9.2.1"
      }
    },
    "sudo-prompt": {
      "version": "9.2.1",
      "resolved": "https://registry.npmjs.org/sudo-prompt/-/sudo-prompt-9.2.1.tgz",
      "integrity": "sha512-Mu7R0g4ig9TUuGSxJavny5Rv0egCEtpZRNMrZaYS1vxkiIxGiGUwoezU3LazIQ+KE04hTrTfNPgxU5gzi7F5Pw=="
    }
  }
}
